# This file is automatically @generated by Cargo.
# It is not intended for manual editing.
version = 3

[[package]]
name = "rdh"
version = "0.5.0"

[[package]]
name = "rdh_extension_example"
version = "0.5.0"
dependencies = [
 "rdh",
]

[[package]]
name = "rust_development_hierarchy"
version = "0.5.0"
dependencies = [
 "rdh",
 "rdh_extension_example",
]
